// !$*UTF8*$!
{
	archiveVersion = 1;
	classes = {
	};
	objectVersion = 50;
	objects = {

/* Begin PBXBuildFile section */
		622952222264EDFD00373D00 /* addTaskDelegate.swift in Sources */ = {isa = PBXBuildFile; fileRef = 622952212264EDFD00373D00 /* addTaskDelegate.swift */; };
		6232172822648EDB00296E0E /* AppDelegate.swift in Sources */ = {isa = PBXBuildFile; fileRef = 6232172722648EDB00296E0E /* AppDelegate.swift */; };
		6232172D22648EDB00296E0E /* Main.storyboard in Resources */ = {isa = PBXBuildFile; fileRef = 6232172B22648EDB00296E0E /* Main.storyboard */; };
		6232172F22648EDC00296E0E /* Assets.xcassets in Resources */ = {isa = PBXBuildFile; fileRef = 6232172E22648EDC00296E0E /* Assets.xcassets */; };
		6232173222648EDC00296E0E /* LaunchScreen.storyboard in Resources */ = {isa = PBXBuildFile; fileRef = 6232173022648EDC00296E0E /* LaunchScreen.storyboard */; };
		6232173A226493B700296E0E /* TaskListTableViewController.swift in Sources */ = {isa = PBXBuildFile; fileRef = 62321739226493B700296E0E /* TaskListTableViewController.swift */; };
		6232173C2264953600296E0E /* AddTaskViewController.swift in Sources */ = {isa = PBXBuildFile; fileRef = 6232173B2264953600296E0E /* AddTaskViewController.swift */; };
		623217442264A6BA00296E0E /* TaskTableViewCell.swift in Sources */ = {isa = PBXBuildFile; fileRef = 623217432264A6BA00296E0E /* TaskTableViewCell.swift */; };
		62438F27227F17AC00FFA30B /* recipeSearchViewController.swift in Sources */ = {isa = PBXBuildFile; fileRef = 62438F26227F17AC00FFA30B /* recipeSearchViewController.swift */; };
		62438F29227F24F100FFA30B /* searchResultsViewController.swift in Sources */ = {isa = PBXBuildFile; fileRef = 62438F28227F24F100FFA30B /* searchResultsViewController.swift */; };
		62438F2B227F259100FFA30B /* displayRecipeViewController.swift in Sources */ = {isa = PBXBuildFile; fileRef = 62438F2A227F259100FFA30B /* displayRecipeViewController.swift */; };
		62438F2D227F354000FFA30B /* savedRecipesTableViewController.swift in Sources */ = {isa = PBXBuildFile; fileRef = 62438F2C227F354000FFA30B /* savedRecipesTableViewController.swift */; };
		62438F2F227F359500FFA30B /* AddFridgeItemViewController.swift in Sources */ = {isa = PBXBuildFile; fileRef = 62438F2E227F359500FFA30B /* AddFridgeItemViewController.swift */; };
		6277E89F227E990400297B44 /* StartViewController.swift in Sources */ = {isa = PBXBuildFile; fileRef = 6277E89E227E990400297B44 /* StartViewController.swift */; };
		6277E8A1227E9AAD00297B44 /* LoginViewController.swift in Sources */ = {isa = PBXBuildFile; fileRef = 6277E8A0227E9AAD00297B44 /* LoginViewController.swift */; };
		6277E8A3227E9AFB00297B44 /* SignUpViewController.swift in Sources */ = {isa = PBXBuildFile; fileRef = 6277E8A2227E9AFB00297B44 /* SignUpViewController.swift */; };
		6277E8A5227EA58E00297B44 /* GoogleService-Info.plist in Resources */ = {isa = PBXBuildFile; fileRef = 6277E8A4227EA58E00297B44 /* GoogleService-Info.plist */; };
		6277E8A7227EA6AF00297B44 /* HomeScreenViewController.swift in Sources */ = {isa = PBXBuildFile; fileRef = 6277E8A6227EA6AF00297B44 /* HomeScreenViewController.swift */; };
		62DF03E522670EB800D2D764 /* ShoppingList.xcdatamodeld in Sources */ = {isa = PBXBuildFile; fileRef = 62DF03E322670EB800D2D764 /* ShoppingList.xcdatamodeld */; };
		62DF03E82267108C00D2D764 /* Task+CoreDataClass.swift in Sources */ = {isa = PBXBuildFile; fileRef = 62DF03E62267108C00D2D764 /* Task+CoreDataClass.swift */; };
		62DF03E92267108C00D2D764 /* Task+CoreDataProperties.swift in Sources */ = {isa = PBXBuildFile; fileRef = 62DF03E72267108C00D2D764 /* Task+CoreDataProperties.swift */; };
		62DF03EC226711EB00D2D764 /* DatabaseProtocol.swift in Sources */ = {isa = PBXBuildFile; fileRef = 62DF03EB226711EB00D2D764 /* DatabaseProtocol.swift */; };
		62DF03EE22671BF100D2D764 /* CoreDataController.swift in Sources */ = {isa = PBXBuildFile; fileRef = 62DF03ED22671BF100D2D764 /* CoreDataController.swift */; };
		62DF03F022673DB100D2D764 /* MulticastDelegate.swift in Sources */ = {isa = PBXBuildFile; fileRef = 62DF03EF22673DB100D2D764 /* MulticastDelegate.swift */; };
		B96210ABD521BA9C530B1893 /* Pods_Final_ToDoList_App.framework in Frameworks */ = {isa = PBXBuildFile; fileRef = FB16E114D38CEDC0F444E9D9 /* Pods_Final_ToDoList_App.framework */; };
/* End PBXBuildFile section */

/* Begin PBXFileReference section */
		622952212264EDFD00373D00 /* addTaskDelegate.swift */ = {isa = PBXFileReference; lastKnownFileType = sourcecode.swift; path = addTaskDelegate.swift; sourceTree = "<group>"; };
		6232172422648EDB00296E0E /* Final_ToDoList_App.app */ = {isa = PBXFileReference; explicitFileType = wrapper.application; includeInIndex = 0; path = Final_ToDoList_App.app; sourceTree = BUILT_PRODUCTS_DIR; };
		6232172722648EDB00296E0E /* AppDelegate.swift */ = {isa = PBXFileReference; lastKnownFileType = sourcecode.swift; path = AppDelegate.swift; sourceTree = "<group>"; };
		6232172C22648EDB00296E0E /* Base */ = {isa = PBXFileReference; lastKnownFileType = file.storyboard; name = Base; path = Base.lproj/Main.storyboard; sourceTree = "<group>"; };
		6232172E22648EDC00296E0E /* Assets.xcassets */ = {isa = PBXFileReference; lastKnownFileType = folder.assetcatalog; path = Assets.xcassets; sourceTree = "<group>"; };
		6232173122648EDC00296E0E /* Base */ = {isa = PBXFileReference; lastKnownFileType = file.storyboard; name = Base; path = Base.lproj/LaunchScreen.storyboard; sourceTree = "<group>"; };
		6232173322648EDC00296E0E /* Info.plist */ = {isa = PBXFileReference; lastKnownFileType = text.plist.xml; path = Info.plist; sourceTree = "<group>"; };
		62321739226493B700296E0E /* TaskListTableViewController.swift */ = {isa = PBXFileReference; lastKnownFileType = sourcecode.swift; path = TaskListTableViewController.swift; sourceTree = "<group>"; };
		6232173B2264953600296E0E /* AddTaskViewController.swift */ = {isa = PBXFileReference; lastKnownFileType = sourcecode.swift; path = AddTaskViewController.swift; sourceTree = "<group>"; };
		623217432264A6BA00296E0E /* TaskTableViewCell.swift */ = {isa = PBXFileReference; lastKnownFileType = sourcecode.swift; path = TaskTableViewCell.swift; sourceTree = "<group>"; };
		62438F26227F17AC00FFA30B /* recipeSearchViewController.swift */ = {isa = PBXFileReference; lastKnownFileType = sourcecode.swift; path = recipeSearchViewController.swift; sourceTree = "<group>"; };
		62438F28227F24F100FFA30B /* searchResultsViewController.swift */ = {isa = PBXFileReference; lastKnownFileType = sourcecode.swift; path = searchResultsViewController.swift; sourceTree = "<group>"; };
		62438F2A227F259100FFA30B /* displayRecipeViewController.swift */ = {isa = PBXFileReference; lastKnownFileType = sourcecode.swift; path = displayRecipeViewController.swift; sourceTree = "<group>"; };
		62438F2C227F354000FFA30B /* savedRecipesTableViewController.swift */ = {isa = PBXFileReference; lastKnownFileType = sourcecode.swift; path = savedRecipesTableViewController.swift; sourceTree = "<group>"; };
		62438F2E227F359500FFA30B /* AddFridgeItemViewController.swift */ = {isa = PBXFileReference; lastKnownFileType = sourcecode.swift; path = AddFridgeItemViewController.swift; sourceTree = "<group>"; };
		6277E89E227E990400297B44 /* StartViewController.swift */ = {isa = PBXFileReference; lastKnownFileType = sourcecode.swift; path = StartViewController.swift; sourceTree = "<group>"; };
		6277E8A0227E9AAD00297B44 /* LoginViewController.swift */ = {isa = PBXFileReference; lastKnownFileType = sourcecode.swift; path = LoginViewController.swift; sourceTree = "<group>"; };
		6277E8A2227E9AFB00297B44 /* SignUpViewController.swift */ = {isa = PBXFileReference; lastKnownFileType = sourcecode.swift; path = SignUpViewController.swift; sourceTree = "<group>"; };
		6277E8A4227EA58E00297B44 /* GoogleService-Info.plist */ = {isa = PBXFileReference; fileEncoding = 4; lastKnownFileType = text.plist.xml; path = "GoogleService-Info.plist"; sourceTree = "<group>"; };
		6277E8A6227EA6AF00297B44 /* HomeScreenViewController.swift */ = {isa = PBXFileReference; lastKnownFileType = sourcecode.swift; path = HomeScreenViewController.swift; sourceTree = "<group>"; };
		62DF03E422670EB800D2D764 /* ToDoList-Model.xcdatamodel */ = {isa = PBXFileReference; lastKnownFileType = wrapper.xcdatamodel; path = "ToDoList-Model.xcdatamodel"; sourceTree = "<group>"; };
		62DF03E62267108C00D2D764 /* Task+CoreDataClass.swift */ = {isa = PBXFileReference; lastKnownFileType = sourcecode.swift; path = "Task+CoreDataClass.swift"; sourceTree = "<group>"; };
		62DF03E72267108C00D2D764 /* Task+CoreDataProperties.swift */ = {isa = PBXFileReference; lastKnownFileType = sourcecode.swift; path = "Task+CoreDataProperties.swift"; sourceTree = "<group>"; };
		62DF03EB226711EB00D2D764 /* DatabaseProtocol.swift */ = {isa = PBXFileReference; lastKnownFileType = sourcecode.swift; path = DatabaseProtocol.swift; sourceTree = "<group>"; };
		62DF03ED22671BF100D2D764 /* CoreDataController.swift */ = {isa = PBXFileReference; lastKnownFileType = sourcecode.swift; path = CoreDataController.swift; sourceTree = "<group>"; };
		62DF03EF22673DB100D2D764 /* MulticastDelegate.swift */ = {isa = PBXFileReference; lastKnownFileType = sourcecode.swift; path = MulticastDelegate.swift; sourceTree = "<group>"; };
		E021EBE50D1A4BAE5EE74172 /* Pods-Final_ToDoList_App.debug.xcconfig */ = {isa = PBXFileReference; includeInIndex = 1; lastKnownFileType = text.xcconfig; name = "Pods-Final_ToDoList_App.debug.xcconfig"; path = "Pods/Target Support Files/Pods-Final_ToDoList_App/Pods-Final_ToDoList_App.debug.xcconfig"; sourceTree = "<group>"; };
		ED802B475E2AD8E8FEEE30E8 /* Pods-Final_ToDoList_App.release.xcconfig */ = {isa = PBXFileReference; includeInIndex = 1; lastKnownFileType = text.xcconfig; name = "Pods-Final_ToDoList_App.release.xcconfig"; path = "Pods/Target Support Files/Pods-Final_ToDoList_App/Pods-Final_ToDoList_App.release.xcconfig"; sourceTree = "<group>"; };
		FB16E114D38CEDC0F444E9D9 /* Pods_Final_ToDoList_App.framework */ = {isa = PBXFileReference; explicitFileType = wrapper.framework; includeInIndex = 0; path = Pods_Final_ToDoList_App.framework; sourceTree = BUILT_PRODUCTS_DIR; };
/* End PBXFileReference section */

/* Begin PBXFrameworksBuildPhase section */
		6232172122648EDB00296E0E /* Frameworks */ = {
			isa = PBXFrameworksBuildPhase;
			buildActionMask = 2147483647;
			files = (
				B96210ABD521BA9C530B1893 /* Pods_Final_ToDoList_App.framework in Frameworks */,
			);
			runOnlyForDeploymentPostprocessing = 0;
		};
/* End PBXFrameworksBuildPhase section */

/* Begin PBXGroup section */
		6232171B22648EDB00296E0E = {
			isa = PBXGroup;
			children = (
				62DF03E62267108C00D2D764 /* Task+CoreDataClass.swift */,
				62DF03E72267108C00D2D764 /* Task+CoreDataProperties.swift */,
				6232172622648EDB00296E0E /* Final_ToDoList_App */,
				6232172522648EDB00296E0E /* Products */,
				6A2029042270EB53FA1AF5AA /* Pods */,
				DEA5F6FF0F12C59429718D16 /* Frameworks */,
			);
			sourceTree = "<group>";
		};
		6232172522648EDB00296E0E /* Products */ = {
			isa = PBXGroup;
			children = (
				6232172422648EDB00296E0E /* Final_ToDoList_App.app */,
			);
			name = Products;
			sourceTree = "<group>";
		};
		6232172622648EDB00296E0E /* Final_ToDoList_App */ = {
			isa = PBXGroup;
			children = (
				62DF03EA226711A900D2D764 /* Database */,
				62DF03E222670DDE00D2D764 /* DataModel */,
				6232172B22648EDB00296E0E /* Main.storyboard */,
				62438F2C227F354000FFA30B /* savedRecipesTableViewController.swift */,
				6277E89E227E990400297B44 /* StartViewController.swift */,
				6277E8A0227E9AAD00297B44 /* LoginViewController.swift */,
				6277E8A2227E9AFB00297B44 /* SignUpViewController.swift */,
				6277E8A6227EA6AF00297B44 /* HomeScreenViewController.swift */,
				62438F2A227F259100FFA30B /* displayRecipeViewController.swift */,
				62438F28227F24F100FFA30B /* searchResultsViewController.swift */,
				62438F26227F17AC00FFA30B /* recipeSearchViewController.swift */,
				6232172722648EDB00296E0E /* AppDelegate.swift */,
				62438F2E227F359500FFA30B /* AddFridgeItemViewController.swift */,
				6232173B2264953600296E0E /* AddTaskViewController.swift */,
				62321739226493B700296E0E /* TaskListTableViewController.swift */,
				623217432264A6BA00296E0E /* TaskTableViewCell.swift */,
				622952212264EDFD00373D00 /* addTaskDelegate.swift */,
				6232172E22648EDC00296E0E /* Assets.xcassets */,
				6232173022648EDC00296E0E /* LaunchScreen.storyboard */,
				6277E8A4227EA58E00297B44 /* GoogleService-Info.plist */,
				6232173322648EDC00296E0E /* Info.plist */,
			);
			path = Final_ToDoList_App;
			sourceTree = "<group>";
		};
		62DF03E222670DDE00D2D764 /* DataModel */ = {
			isa = PBXGroup;
			children = (
				62DF03E322670EB800D2D764 /* ShoppingList.xcdatamodeld */,
			);
			path = DataModel;
			sourceTree = "<group>";
		};
		62DF03EA226711A900D2D764 /* Database */ = {
			isa = PBXGroup;
			children = (
				62DF03EB226711EB00D2D764 /* DatabaseProtocol.swift */,
				62DF03ED22671BF100D2D764 /* CoreDataController.swift */,
				62DF03EF22673DB100D2D764 /* MulticastDelegate.swift */,
			);
			path = Database;
			sourceTree = "<group>";
		};
		6A2029042270EB53FA1AF5AA /* Pods */ = {
			isa = PBXGroup;
			children = (
				E021EBE50D1A4BAE5EE74172 /* Pods-Final_ToDoList_App.debug.xcconfig */,
				ED802B475E2AD8E8FEEE30E8 /* Pods-Final_ToDoList_App.release.xcconfig */,
			);
			name = Pods;
			sourceTree = "<group>";
		};
		DEA5F6FF0F12C59429718D16 /* Frameworks */ = {
			isa = PBXGroup;
			children = (
				FB16E114D38CEDC0F444E9D9 /* Pods_Final_ToDoList_App.framework */,
			);
			name = Frameworks;
			sourceTree = "<group>";
		};
/* End PBXGroup section */

/* Begin PBXNativeTarget section */
		6232172322648EDB00296E0E /* Final_ToDoList_App */ = {
			isa = PBXNativeTarget;
			buildConfigurationList = 6232173622648EDC00296E0E /* Build configuration list for PBXNativeTarget "Final_ToDoList_App" */;
			buildPhases = (
				B8525CA6665CAF444419DFB6 /* [CP] Check Pods Manifest.lock */,
				6232172022648EDB00296E0E /* Sources */,
				6232172122648EDB00296E0E /* Frameworks */,
				6232172222648EDB00296E0E /* Resources */,
				486027EEB47F4F21F16299A5 /* [CP] Embed Pods Frameworks */,
			);
			buildRules = (
			);
			dependencies = (
			);
			name = Final_ToDoList_App;
			productName = Final_ToDoList_App;
			productReference = 6232172422648EDB00296E0E /* Final_ToDoList_App.app */;
			productType = "com.apple.product-type.application";
		};
/* End PBXNativeTarget section */

/* Begin PBXProject section */
		6232171C22648EDB00296E0E /* Project object */ = {
			isa = PBXProject;
			attributes = {
				LastSwiftUpdateCheck = 1010;
				LastUpgradeCheck = 1010;
				ORGANIZATIONNAME = "Monash University";
				TargetAttributes = {
					6232172322648EDB00296E0E = {
						CreatedOnToolsVersion = 10.1;
					};
				};
			};
			buildConfigurationList = 6232171F22648EDB00296E0E /* Build configuration list for PBXProject "Final_ToDoList_App" */;
			compatibilityVersion = "Xcode 9.3";
			developmentRegion = en;
			hasScannedForEncodings = 0;
			knownRegions = (
				en,
				Base,
			);
			mainGroup = 6232171B22648EDB00296E0E;
			productRefGroup = 6232172522648EDB00296E0E /* Products */;
			projectDirPath = "";
			projectRoot = "";
			targets = (
				6232172322648EDB00296E0E /* Final_ToDoList_App */,
			);
		};
/* End PBXProject section */

/* Begin PBXResourcesBuildPhase section */
		6232172222648EDB00296E0E /* Resources */ = {
			isa = PBXResourcesBuildPhase;
			buildActionMask = 2147483647;
			files = (
				6232173222648EDC00296E0E /* LaunchScreen.storyboard in Resources */,
				6277E8A5227EA58E00297B44 /* GoogleService-Info.plist in Resources */,
				6232172F22648EDC00296E0E /* Assets.xcassets in Resources */,
				6232172D22648EDB00296E0E /* Main.storyboard in Resources */,
			);
			runOnlyForDeploymentPostprocessing = 0;
		};
/* End PBXResourcesBuildPhase section */

/* Begin PBXShellScriptBuildPhase section */
		486027EEB47F4F21F16299A5 /* [CP] Embed Pods Frameworks */ = {
			isa = PBXShellScriptBuildPhase;
			buildActionMask = 2147483647;
			files = (
			);
			inputPaths = (
				"${SRCROOT}/Pods/Target Support Files/Pods-Final_ToDoList_App/Pods-Final_ToDoList_App-frameworks.sh",
				"${BUILT_PRODUCTS_DIR}/GTMSessionFetcher/GTMSessionFetcher.framework",
				"${BUILT_PRODUCTS_DIR}/GoogleUtilities/GoogleUtilities.framework",
				"${BUILT_PRODUCTS_DIR}/leveldb-library/leveldb.framework",
				"${BUILT_PRODUCTS_DIR}/nanopb/nanopb.framework",
			);
			name = "[CP] Embed Pods Frameworks";
			outputPaths = (
				"${TARGET_BUILD_DIR}/${FRAMEWORKS_FOLDER_PATH}/GTMSessionFetcher.framework",
				"${TARGET_BUILD_DIR}/${FRAMEWORKS_FOLDER_PATH}/GoogleUtilities.framework",
				"${TARGET_BUILD_DIR}/${FRAMEWORKS_FOLDER_PATH}/leveldb.framework",
				"${TARGET_BUILD_DIR}/${FRAMEWORKS_FOLDER_PATH}/nanopb.framework",
			);
			runOnlyForDeploymentPostprocessing = 0;
			shellPath = /bin/sh;
			shellScript = "\"${SRCROOT}/Pods/Target Support Files/Pods-Final_ToDoList_App/Pods-Final_ToDoList_App-frameworks.sh\"\n";
			showEnvVarsInLog = 0;
		};
		B8525CA6665CAF444419DFB6 /* [CP] Check Pods Manifest.lock */ = {
			isa = PBXShellScriptBuildPhase;
			buildActionMask = 2147483647;
			files = (
			);
			inputPaths = (
				"${PODS_PODFILE_DIR_PATH}/Podfile.lock",
				"${PODS_ROOT}/Manifest.lock",
			);
			name = "[CP] Check Pods Manifest.lock";
			outputPaths = (
				"$(DERIVED_FILE_DIR)/Pods-Final_ToDoList_App-checkManifestLockResult.txt",
			);
			runOnlyForDeploymentPostprocessing = 0;
			shellPath = /bin/sh;
			shellScript = "diff \"${PODS_PODFILE_DIR_PATH}/Podfile.lock\" \"${PODS_ROOT}/Manifest.lock\" > /dev/null\nif [ $? != 0 ] ; then\n    # print error to STDERR\n    echo \"error: The sandbox is not in sync with the Podfile.lock. Run 'pod install' or update your CocoaPods installation.\" >&2\n    exit 1\nfi\n# This output is used by Xcode 'outputs' to avoid re-running this script phase.\necho \"SUCCESS\" > \"${SCRIPT_OUTPUT_FILE_0}\"\n";
			showEnvVarsInLog = 0;
		};
/* End PBXShellScriptBuildPhase section */

/* Begin PBXSourcesBuildPhase section */
		6232172022648EDB00296E0E /* Sources */ = {
			isa = PBXSourcesBuildPhase;
			buildActionMask = 2147483647;
			files = (
				62438F27227F17AC00FFA30B /* recipeSearchViewController.swift in Sources */,
				62438F2B227F259100FFA30B /* displayRecipeViewController.swift in Sources */,
				623217442264A6BA00296E0E /* TaskTableViewCell.swift in Sources */,
				62DF03F022673DB100D2D764 /* MulticastDelegate.swift in Sources */,
				6232173A226493B700296E0E /* TaskListTableViewController.swift in Sources */,
				6232173C2264953600296E0E /* AddTaskViewController.swift in Sources */,
				622952222264EDFD00373D00 /* addTaskDelegate.swift in Sources */,
				6277E89F227E990400297B44 /* StartViewController.swift in Sources */,
				62DF03EC226711EB00D2D764 /* DatabaseProtocol.swift in Sources */,
				6232172822648EDB00296E0E /* AppDelegate.swift in Sources */,
				6277E8A3227E9AFB00297B44 /* SignUpViewController.swift in Sources */,
				62DF03E522670EB800D2D764 /* ShoppingList.xcdatamodeld in Sources */,
				62438F2F227F359500FFA30B /* AddFridgeItemViewController.swift in Sources */,
				62DF03EE22671BF100D2D764 /* CoreDataController.swift in Sources */,
				62DF03E92267108C00D2D764 /* Task+CoreDataProperties.swift in Sources */,
				62438F29227F24F100FFA30B /* searchResultsViewController.swift in Sources */,
				6277E8A1227E9AAD00297B44 /* LoginViewController.swift in Sources */,
				62DF03E82267108C00D2D764 /* Task+CoreDataClass.swift in Sources */,
				62438F2D227F354000FFA30B /* savedRecipesTableViewController.swift in Sources */,
				6277E8A7227EA6AF00297B44 /* HomeScreenViewController.swift in Sources */,
			);
			runOnlyForDeploymentPostprocessing = 0;
		};
/* End PBXSourcesBuildPhase section */

/* Begin PBXVariantGroup section */
		6232172B22648EDB00296E0E /* Main.storyboard */ = {
			isa = PBXVariantGroup;
			children = (
				6232172C22648EDB00296E0E /* Base */,
			);
			name = Main.storyboard;
			sourceTree = "<group>";
		};
		6232173022648EDC00296E0E /* LaunchScreen.storyboard */ = {
			isa = PBXVariantGroup;
			children = (
				6232173122648EDC00296E0E /* Base */,
			);
			name = LaunchScreen.storyboard;
			sourceTree = "<group>";
		};
/* End PBXVariantGroup section */

/* Begin XCBuildConfiguration section */
		6232173422648EDC00296E0E /* Debug */ = {
			isa = XCBuildConfiguration;
			buildSettings = {
				ALWAYS_SEARCH_USER_PATHS = NO;
				CLANG_ANALYZER_NONNULL = YES;
				CLANG_ANALYZER_NUMBER_OBJECT_CONVERSION = YES_AGGRESSIVE;
				CLANG_CXX_LANGUAGE_STANDARD = "gnu++14";
				CLANG_CXX_LIBRARY = "libc++";
				CLANG_ENABLE_MODULES = YES;
				CLANG_ENABLE_OBJC_ARC = YES;
				CLANG_ENABLE_OBJC_WEAK = YES;
				CLANG_WARN_BLOCK_CAPTURE_AUTORELEASING = YES;
				CLANG_WARN_BOOL_CONVERSION = YES;
				CLANG_WARN_COMMA = YES;
				CLANG_WARN_CONSTANT_CONVERSION = YES;
				CLANG_WARN_DEPRECATED_OBJC_IMPLEMENTATIONS = YES;
				CLANG_WARN_DIRECT_OBJC_ISA_USAGE = YES_ERROR;
				CLANG_WARN_DOCUMENTATION_COMMENTS = YES;
				CLANG_WARN_EMPTY_BODY = YES;
				CLANG_WARN_ENUM_CONVERSION = YES;
				CLANG_WARN_INFINITE_RECURSION = YES;
				CLANG_WARN_INT_CONVERSION = YES;
				CLANG_WARN_NON_LITERAL_NULL_CONVERSION = YES;
				CLANG_WARN_OBJC_IMPLICIT_RETAIN_SELF = YES;
				CLANG_WARN_OBJC_LITERAL_CONVERSION = YES;
				CLANG_WARN_OBJC_ROOT_CLASS = YES_ERROR;
				CLANG_WARN_RANGE_LOOP_ANALYSIS = YES;
				CLANG_WARN_STRICT_PROTOTYPES = YES;
				CLANG_WARN_SUSPICIOUS_MOVE = YES;
				CLANG_WARN_UNGUARDED_AVAILABILITY = YES_AGGRESSIVE;
				CLANG_WARN_UNREACHABLE_CODE = YES;
				CLANG_WARN__DUPLICATE_METHOD_MATCH = YES;
				CODE_SIGN_IDENTITY = "iPhone Developer";
				COPY_PHASE_STRIP = NO;
				DEBUG_INFORMATION_FORMAT = dwarf;
				ENABLE_STRICT_OBJC_MSGSEND = YES;
				ENABLE_TESTABILITY = YES;
				GCC_C_LANGUAGE_STANDARD = gnu11;
				GCC_DYNAMIC_NO_PIC = NO;
				GCC_NO_COMMON_BLOCKS = YES;
				GCC_OPTIMIZATION_LEVEL = 0;
				GCC_PREPROCESSOR_DEFINITIONS = (
					"DEBUG=1",
					"$(inherited)",
				);
				GCC_WARN_64_TO_32_BIT_CONVERSION = YES;
				GCC_WARN_ABOUT_RETURN_TYPE = YES_ERROR;
				GCC_WARN_UNDECLARED_SELECTOR = YES;
				GCC_WARN_UNINITIALIZED_AUTOS = YES_AGGRESSIVE;
				GCC_WARN_UNUSED_FUNCTION = YES;
				GCC_WARN_UNUSED_VARIABLE = YES;
				IPHONEOS_DEPLOYMENT_TARGET = 12.1;
				MTL_ENABLE_DEBUG_INFO = INCLUDE_SOURCE;
				MTL_FAST_MATH = YES;
				ONLY_ACTIVE_ARCH = YES;
				SDKROOT = iphoneos;
				SWIFT_ACTIVE_COMPILATION_CONDITIONS = DEBUG;
				SWIFT_OPTIMIZATION_LEVEL = "-Onone";
			};
			name = Debug;
		};
		6232173522648EDC00296E0E /* Release */ = {
			isa = XCBuildConfiguration;
			buildSettings = {
				ALWAYS_SEARCH_USER_PATHS = NO;
				CLANG_ANALYZER_NONNULL = YES;
				CLANG_ANALYZER_NUMBER_OBJECT_CONVERSION = YES_AGGRESSIVE;
				CLANG_CXX_LANGUAGE_STANDARD = "gnu++14";
				CLANG_CXX_LIBRARY = "libc++";
				CLANG_ENABLE_MODULES = YES;
				CLANG_ENABLE_OBJC_ARC = YES;
				CLANG_ENABLE_OBJC_WEAK = YES;
				CLANG_WARN_BLOCK_CAPTURE_AUTORELEASING = YES;
				CLANG_WARN_BOOL_CONVERSION = YES;
				CLANG_WARN_COMMA = YES;
				CLANG_WARN_CONSTANT_CONVERSION = YES;
				CLANG_WARN_DEPRECATED_OBJC_IMPLEMENTATIONS = YES;
				CLANG_WARN_DIRECT_OBJC_ISA_USAGE = YES_ERROR;
				CLANG_WARN_DOCUMENTATION_COMMENTS = YES;
				CLANG_WARN_EMPTY_BODY = YES;
				CLANG_WARN_ENUM_CONVERSION = YES;
				CLANG_WARN_INFINITE_RECURSION = YES;
				CLANG_WARN_INT_CONVERSION = YES;
				CLANG_WARN_NON_LITERAL_NULL_CONVERSION = YES;
				CLANG_WARN_OBJC_IMPLICIT_RETAIN_SELF = YES;
				CLANG_WARN_OBJC_LITERAL_CONVERSION = YES;
				CLANG_WARN_OBJC_ROOT_CLASS = YES_ERROR;
				CLANG_WARN_RANGE_LOOP_ANALYSIS = YES;
				CLANG_WARN_STRICT_PROTOTYPES = YES;
				CLANG_WARN_SUSPICIOUS_MOVE = YES;
				CLANG_WARN_UNGUARDED_AVAILABILITY = YES_AGGRESSIVE;
				CLANG_WARN_UNREACHABLE_CODE = YES;
				CLANG_WARN__DUPLICATE_METHOD_MATCH = YES;
				CODE_SIGN_IDENTITY = "iPhone Developer";
				COPY_PHASE_STRIP = NO;
				DEBUG_INFORMATION_FORMAT = "dwarf-with-dsym";
				ENABLE_NS_ASSERTIONS = NO;
				ENABLE_STRICT_OBJC_MSGSEND = YES;
				GCC_C_LANGUAGE_STANDARD = gnu11;
				GCC_NO_COMMON_BLOCKS = YES;
				GCC_WARN_64_TO_32_BIT_CONVERSION = YES;
				GCC_WARN_ABOUT_RETURN_TYPE = YES_ERROR;
				GCC_WARN_UNDECLARED_SELECTOR = YES;
				GCC_WARN_UNINITIALIZED_AUTOS = YES_AGGRESSIVE;
				GCC_WARN_UNUSED_FUNCTION = YES;
				GCC_WARN_UNUSED_VARIABLE = YES;
				IPHONEOS_DEPLOYMENT_TARGET = 12.1;
				MTL_ENABLE_DEBUG_INFO = NO;
				MTL_FAST_MATH = YES;
				SDKROOT = iphoneos;
				SWIFT_COMPILATION_MODE = wholemodule;
				SWIFT_OPTIMIZATION_LEVEL = "-O";
				VALIDATE_PRODUCT = YES;
			};
			name = Release;
		};
		6232173722648EDC00296E0E /* Debug */ = {
			isa = XCBuildConfiguration;
			baseConfigurationReference = E021EBE50D1A4BAE5EE74172 /* Pods-Final_ToDoList_App.debug.xcconfig */;
			buildSettings = {
				ASSETCATALOG_COMPILER_APPICON_NAME = AppIcon;
				CODE_SIGN_STYLE = Automatic;
				INFOPLIST_FILE = Final_ToDoList_App/Info.plist;
				LD_RUNPATH_SEARCH_PATHS = (
					"$(inherited)",
					"@executable_path/Frameworks",
				);
				PRODUCT_BUNDLE_IDENTIFIER = Monash.reFridge;
				PRODUCT_NAME = "$(TARGET_NAME)";
				SWIFT_VERSION = 4.2;
				TARGETED_DEVICE_FAMILY = "1,2";
			};
			name = Debug;
		};
		6232173822648EDC00296E0E /* Release */ = {
			isa = XCBuildConfiguration;
			baseConfigurationReference = ED802B475E2AD8E8FEEE30E8 /* Pods-Final_ToDoList_App.release.xcconfig */;
			buildSettings = {
				ASSETCATALOG_COMPILER_APPICON_NAME = AppIcon;
				CODE_SIGN_STYLE = Automatic;
				INFOPLIST_FILE = Final_ToDoList_App/Info.plist;
				LD_RUNPATH_SEARCH_PATHS = (
					"$(inherited)",
					"@executable_path/Frameworks",
				);
				PRODUCT_BUNDLE_IDENTIFIER = Monash.reFridge;
				PRODUCT_NAME = "$(TARGET_NAME)";
				SWIFT_VERSION = 4.2;
				TARGETED_DEVICE_FAMILY = "1,2";
			};
			name = Release;
		};
/* End XCBuildConfiguration section */

/* Begin XCConfigurationList section */
		6232171F22648EDB00296E0E /* Build configuration list for PBXProject "Final_ToDoList_App" */ = {
			isa = XCConfigurationList;
			buildConfigurations = (
				6232173422648EDC00296E0E /* Debug */,
				6232173522648EDC00296E0E /* Release */,
			);
			defaultConfigurationIsVisible = 0;
			defaultConfigurationName = Release;
		};
		6232173622648EDC00296E0E /* Build configuration list for PBXNativeTarget "Final_ToDoList_App" */ = {
			isa = XCConfigurationList;
			buildConfigurations = (
				6232173722648EDC00296E0E /* Debug */,
				6232173822648EDC00296E0E /* Release */,
			);
			defaultConfigurationIsVisible = 0;
			defaultConfigurationName = Release;
		};
/* End XCConfigurationList section */

/* Begin XCVersionGroup section */
		62DF03E322670EB800D2D764 /* ShoppingList.xcdatamodeld */ = {
			isa = XCVersionGroup;
			children = (
				62DF03E422670EB800D2D764 /* ToDoList-Model.xcdatamodel */,
			);
			currentVersion = 62DF03E422670EB800D2D764 /* ToDoList-Model.xcdatamodel */;
			path = ShoppingList.xcdatamodeld;
			sourceTree = "<group>";
			versionGroupType = wrapper.xcdatamodel;
		};
/* End XCVersionGroup section */
	};
	rootObject = 6232171C22648EDB00296E0E /* Project object */;
}
